github.com/aws/aws-lambda-go v1.34.1 h1:M3a/uFYBjii+tDcOJ0wL/WyFi2550FHoECdPf27zvOs=
github.com/aws/aws-lambda-go v1.34.1/go.mod h1:jwFe2KmMsHmffA1X2R09hH6lFzJQxzI8qK17ewzbQMM=
github.com/gford1000-go/pkigen v0.0.0-20221001173721-fde2e23cc7a2 h1:Wrg/zNc2cbdGfBViT4sX1pFWzQ8f2CObPbZgYoexYC4=
github.com/gford1000-go/pkigen v0.0.0-20221001173721-fde2e23cc7a2/go.mod h1:/cklRatEDD6laA+exmSHxCzcOomCatdlZAazbLbIG6U=
github.com/gford1000-serverless/util v0.0.0-20221002163505-5911c6364ee9 h1:JfG8dpycqvf0zIMCI0K1m6grhWpOh7PnIxRmsv8bqRQ=
github.com/gford1000-serverless/util v0.0.0-20221002163505-5911c6364ee9/go.mod h1:h8tds0bwD8/66Dt4Z5pBpCEzJUTVL3LkBWIpzhBb6vg=
github.com/gford1000-serverless/util v0.0.0-20221002175534-fefa4f9c53aa h1:qH2O8kquwYn+HhSjfgqczOMVaY2pj4Dp2nBQkP5bLaQ=
github.com/gford1000-serverless/util v0.0.0-20221002175534-fefa4f9c53aa/go.mod h1:h8tds0bwD8/66Dt4Z5pBpCEzJUTVL3LkBWIpzhBb6vg=
